
Microsoft Visual Studio Solution File, Format Version 12.00
# Visual Studio Version 17
VisualStudioVersion = 17.5.33424.131
MinimumVisualStudioVersion = 10.0.40219.1
Project("{8BC9CEB8-8B4A-11D0-8D11-00A0C91BC942}") = "ParadigmaOOP_033", "ParadigmaOOP_033\ParadigmaOOP_033.vcxproj", "{7E250FDC-90F3-4A3B-8A59-4C95699BE6BC}"
EndProject
Project("{8BC9CEB8-8B4A-11D0-8D11-00A0C91BC942}") = "asosiasi", "asosiasi\asosiasi.vcxproj", "{E41914E4-C03E-4005-A0B7-E016F7875A2D}"
EndProject
Project("{8BC9CEB8-8B4A-11D0-8D11-00A0C91BC942}") = "mainIA", "mainIA\mainIA.vcxproj", "{5C91E481-F1AF-423B-9FF3-CEBFB6B94787}"
EndProject
Project("{8BC9CEB8-8B4A-11D0-8D11-00A0C91BC942}") = "mainJM", "mainJM\mainJM.vcxproj", "{4444AFAD-5464-4D3C-9BFD-505B517F7B8A}"
EndProject
Project("{8BC9CEB8-8B4A-11D0-8D11-00A0C91BC942}") = "memberinitlist", "memberinitlist\memberinitlist.vcxproj", "{BAEBB8D2-2362-4430-B03F-74E588305E0D}"
EndProject
Global
	GlobalSection(SolutionConfigurationPlatforms) = preSolution
		Debug|x64 = Debug|x64
		Debug|x86 = Debug|x86
		Release|x64 = Release|x64
		Release|x86 = Release|x86
	EndGlobalSection
	GlobalSection(ProjectConfigurationPlatforms) = postSolution
		{7E250FDC-90F3-4A3B-8A59-4C95699BE6BC}.Debug|x64.ActiveCfg = Debug|x64
		{7E250FDC-90F3-4A3B-8A59-4C95699BE6BC}.Debug|x64.Build.0 = Debug|x64
		{7E250FDC-90F3-4A3B-8A59-4C95699BE6BC}.Debug|x86.ActiveCfg = Debug|Win32
		{7E250FDC-90F3-4A3B-8A59-4C95699BE6BC}.Debug|x86.Build.0 = Debug|Win32
		{7E250FDC-90F3-4A3B-8A59-4C95699BE6BC}.Release|x64.ActiveCfg = Release|x64
		{7E250FDC-90F3-4A3B-8A59-4C95699BE6BC}.Release|x64.Build.0 = Release|x64
		{7E250FDC-90F3-4A3B-8A59-4C95699BE6BC}.Release|x86.ActiveCfg = Release|Win32
		{7E250FDC-90F3-4A3B-8A59-4C95699BE6BC}.Release|x86.Build.0 = Release|Win32
		{E41914E4-C03E-4005-A0B7-E016F7875A2D}.Debug|x64.ActiveCfg = Debug|x64
		{E41914E4-C03E-4005-A0B7-E016F7875A2D}.Debug|x64.Build.0 = Debug|x64
		{E41914E4-C03E-4005-A0B7-E016F7875A2D}.Debug|x86.ActiveCfg = Debug|Win32
		{E41914E4-C03E-4005-A0B7-E016F7875A2D}.Debug|x86.Build.0 = Debug|Win32
		{E41914E4-C03E-4005-A0B7-E016F7875A2D}.Release|x64.ActiveCfg = Release|x64
		{E41914E4-C03E-4005-A0B7-E016F7875A2D}.Release|x64.Build.0 = Release|x64
		{E41914E4-C03E-4005-A0B7-E016F7875A2D}.Release|x86.ActiveCfg = Release|Win32
		{E41914E4-C03E-4005-A0B7-E016F7875A2D}.Release|x86.Build.0 = Release|Win32
		{5C91E481-F1AF-423B-9FF3-CEBFB6B94787}.Debug|x64.ActiveCfg = Debug|x64
		{5C91E481-F1AF-423B-9FF3-CEBFB6B94787}.Debug|x64.Build.0 = Debug|x64
		{5C91E481-F1AF-423B-9FF3-CEBFB6B94787}.Debug|x86.ActiveCfg = Debug|Win32
		{5C91E481-F1AF-423B-9FF3-CEBFB6B94787}.Debug|x86.Build.0 = Debug|Win32
		{5C91E481-F1AF-423B-9FF3-CEBFB6B94787}.Release|x64.ActiveCfg = Release|x64
		{5C91E481-F1AF-423B-9FF3-CEBFB6B94787}.Release|x64.Build.0 = Release|x64
		{5C91E481-F1AF-423B-9FF3-CEBFB6B94787}.Release|x86.ActiveCfg = Release|Win32
		{5C91E481-F1AF-423B-9FF3-CEBFB6B94787}.Release|x86.Build.0 = Release|Win32
		{4444AFAD-5464-4D3C-9BFD-505B517F7B8A}.Debug|x64.ActiveCfg = Debug|x64
		{4444AFAD-5464-4D3C-9BFD-505B517F7B8A}.Debug|x64.Build.0 = Debug|x64
		{4444AFAD-5464-4D3C-9BFD-505B517F7B8A}.Debug|x86.ActiveCfg = Debug|Win32
		{4444AFAD-5464-4D3C-9BFD-505B517F7B8A}.Debug|x86.Build.0 = Debug|Win32
		{4444AFAD-5464-4D3C-9BFD-505B517F7B8A}.Release|x64.ActiveCfg = Release|x64
		{4444AFAD-5464-4D3C-9BFD-505B517F7B8A}.Release|x64.Build.0 = Release|x64
		{4444AFAD-5464-4D3C-9BFD-505B517F7B8A}.Release|x86.ActiveCfg = Release|Win32
		{4444AFAD-5464-4D3C-9BFD-505B517F7B8A}.Release|x86.Build.0 = Release|Win32
		{BAEBB8D2-2362-4430-B03F-74E588305E0D}.Debug|x64.ActiveCfg = Debug|x64
		{BAEBB8D2-2362-4430-B03F-74E588305E0D}.Debug|x64.Build.0 = Debug|x64
		{BAEBB8D2-2362-4430-B03F-74E588305E0D}.Debug|x86.ActiveCfg = Debug|Win32
		{BAEBB8D2-2362-4430-B03F-74E588305E0D}.Debug|x86.Build.0 = Debug|Win32
		{BAEBB8D2-2362-4430-B03F-74E588305E0D}.Release|x64.ActiveCfg = Release|x64
		{BAEBB8D2-2362-4430-B03F-74E588305E0D}.Release|x64.Build.0 = Release|x64
		{BAEBB8D2-2362-4430-B03F-74E588305E0D}.Release|x86.ActiveCfg = Release|Win32
		{BAEBB8D2-2362-4430-B03F-74E588305E0D}.Release|x86.Build.0 = Release|Win32
	EndGlobalSection
	GlobalSection(SolutionProperties) = preSolution
		HideSolutionNode = FALSE
	EndGlobalSection
	GlobalSection(ExtensibilityGlobals) = postSolution
		SolutionGuid = {2BC26B42-6184-4257-BF92-39BDD777C769}
	EndGlobalSection
EndGlobal
